{
    "_meta": {
        "hash": {
            "sha256": "fc742cb37cbdc112a80259abb9a2503880438d400019ae422d57419b0bd2a37b"
        },
        "pipfile-spec": 6,
        "requires": {
            "python_version": "3.11"
        },
        "sources": [
            {
                "name": "pypi",
                "url": "https://pypi.org/simple",
                "verify_ssl": true
            }
        ]
    },
    "default": {
        "annotated-types": {
            "hashes": [
                "sha256:47cdc3490d9ac1506ce92c7aaa76c579dc3509ff11e098fc867e5130ab7be802",
                "sha256:58da39888f92c276ad970249761ebea80ba544b77acddaa1a4d6cf78287d45fd"
            ],
            "markers": "python_version >= '3.7'",
            "version": "==0.5.0"
        },
        "anyio": {
            "hashes": [
                "sha256:44a3c9aba0f5defa43261a8b3efb97891f2bd7d804e0e1f56419befa1adfc780",
                "sha256:91dee416e570e92c64041bd18b900d1d6fa78dff7048769ce5ac5ddad004fbb5"
            ],
            "markers": "python_version >= '3.7'",
            "version": "==3.7.1"
        },
        "click": {
            "hashes": [
                "sha256:48ee849951919527a045bfe3bf7baa8a959c423134e1a5b98c05c20ba75a1cbd",
                "sha256:fa244bb30b3b5ee2cae3da8f55c9e5e0c0e86093306301fb418eb9dc40fbded5"
            ],
            "markers": "python_version >= '3.7'",
            "version": "==8.1.6"
        },
        "fastapi": {
            "hashes": [
                "sha256:522700d7a469e4a973d92321ab93312448fbe20fca9c8da97effc7e7bc56df23",
                "sha256:ec6dd52bfc4eff3063cfcd0713b43c87640fefb2687bbbe3d8a08d94049cdf32"
            ],
            "index": "pypi",
            "version": "==0.100.1"
        },
        "h11": {
            "hashes": [
                "sha256:8f19fbbe99e72420ff35c00b27a34cb9937e902a8b810e2c88300c6f0a3b699d",
                "sha256:e3fe4ac4b851c468cc8363d500db52c2ead036020723024a109d37346efaa761"
            ],
            "markers": "python_version >= '3.7'",
            "version": "==0.14.0"
        },
        "idna": {
            "hashes": [
                "sha256:814f528e8dead7d329833b91c5faa87d60bf71824cd12a7530b5526063d02cb4",
                "sha256:90b77e79eaa3eba6de819a0c442c0b4ceefc341a7a2ab77d7562bf49f425c5c2"
            ],
            "markers": "python_version >= '3.5'",
            "version": "==3.4"
        },
        "pyaes": {
            "hashes": [
                "sha256:02c1b1405c38d3c370b085fb952dd8bea3fadcee6411ad99f312cc129c536d8f"
            ],
            "version": "==1.6.1"
        },
        "pydantic": {
            "hashes": [
                "sha256:22d63db5ce4831afd16e7c58b3192d3faf8f79154980d9397d9867254310ba4b",
                "sha256:43bdbf359d6304c57afda15c2b95797295b702948082d4c23851ce752f21da70"
            ],
            "markers": "python_version >= '3.7'",
            "version": "==2.1.1"
        },
        "pydantic-core": {
            "hashes": [
                "sha256:01947ad728f426fa07fcb26457ebf90ce29320259938414bc0edd1476e75addb",
                "sha256:0455876d575a35defc4da7e0a199596d6c773e20d3d42fa1fc29f6aa640369ed",
                "sha256:047580388644c473b934d27849f8ed8dbe45df0adb72104e78b543e13bf69762",
                "sha256:04922fea7b13cd480586fa106345fe06e43220b8327358873c22d8dfa7a711c7",
                "sha256:08f89697625e453421401c7f661b9d1eb4c9e4c0a12fd256eeb55b06994ac6af",
                "sha256:0a507d7fa44688bbac76af6521e488b3da93de155b9cba6f2c9b7833ce243d59",
                "sha256:0d726108c1c0380b88b6dd4db559f0280e0ceda9e077f46ff90bc85cd4d03e77",
                "sha256:12ef6838245569fd60a179fade81ca4b90ae2fa0ef355d616f519f7bb27582db",
                "sha256:153a61ac4030fa019b70b31fb7986461119230d3ba0ab661c757cfea652f4332",
                "sha256:16468bd074fa4567592d3255bf25528ed41e6b616d69bf07096bdb5b66f947d1",
                "sha256:17156abac20a9feed10feec867fddd91a80819a485b0107fe61f09f2117fe5f3",
                "sha256:1927f0e15d190f11f0b8344373731e28fd774c6d676d8a6cfadc95c77214a48b",
                "sha256:1e8a7c62d15a5c4b307271e4252d76ebb981d6251c6ecea4daf203ef0179ea4f",
                "sha256:2ad538b7e07343001934417cdc8584623b4d8823c5b8b258e75ec8d327cec969",
                "sha256:2ca4687dd996bde7f3c420def450797feeb20dcee2b9687023e3323c73fc14a2",
                "sha256:2edef05b63d82568b877002dc4cb5cc18f8929b59077120192df1e03e0c633f8",
                "sha256:2f9ea0355f90db2a76af530245fa42f04d98f752a1236ed7c6809ec484560d5b",
                "sha256:30527d173e826f2f7651f91c821e337073df1555e3b5a0b7b1e2c39e26e50678",
                "sha256:32a1e0352558cd7ccc014ffe818c7d87b15ec6145875e2cc5fa4bb7351a1033d",
                "sha256:3534118289e33130ed3f1cc487002e8d09b9f359be48b02e9cd3de58ce58fba9",
                "sha256:36ba9e728588588f0196deaf6751b9222492331b5552f865a8ff120869d372e0",
                "sha256:382f0baa044d674ad59455a5eff83d7965572b745cc72df35c52c2ce8c731d37",
                "sha256:394f12a2671ff8c4dfa2e85be6c08be0651ad85bc1e6aa9c77c21671baaf28cd",
                "sha256:3ba2c9c94a9176f6321a879c8b864d7c5b12d34f549a4c216c72ce213d7d953c",
                "sha256:3ded19dcaefe2f6706d81e0db787b59095f4ad0fbadce1edffdf092294c8a23f",
                "sha256:3fcf529382b282a30b466bd7af05be28e22aa620e016135ac414f14e1ee6b9e1",
                "sha256:43a405ce520b45941df9ff55d0cd09762017756a7b413bbad3a6e8178e64a2c2",
                "sha256:453862ab268f6326b01f067ed89cb3a527d34dc46f6f4eeec46a15bbc706d0da",
                "sha256:4665f7ed345012a8d2eddf4203ef145f5f56a291d010382d235b94e91813f88a",
                "sha256:478f5f6d7e32bd4a04d102160efb2d389432ecf095fe87c555c0a6fc4adfc1a4",
                "sha256:49db206eb8fdc4b4f30e6e3e410584146d813c151928f94ec0db06c4f2595538",
                "sha256:4b262bbc13022f2097c48a21adcc360a81d83dc1d854c11b94953cd46d7d3c07",
                "sha256:4cbe929efa77a806e8f1a97793f2dc3ea3475ae21a9ed0f37c21320fe93f6f50",
                "sha256:4e562cc63b04636cde361fd47569162f1daa94c759220ff202a8129902229114",
                "sha256:546064c55264156b973b5e65e5fafbe5e62390902ce3cf6b4005765505e8ff56",
                "sha256:54df7df399b777c1fd144f541c95d351b3aa110535a6810a6a569905d106b6f3",
                "sha256:56a85fa0dab1567bd0cac10f0c3837b03e8a0d939e6a8061a3a420acd97e9421",
                "sha256:57a53a75010c635b3ad6499e7721eaa3b450e03f6862afe2dbef9c8f66e46ec8",
                "sha256:584a7a818c84767af16ce8bda5d4f7fedb37d3d231fc89928a192f567e4ef685",
                "sha256:5fd905a69ac74eaba5041e21a1e8b1a479dab2b41c93bdcc4c1cede3c12a8d86",
                "sha256:61d4e713f467abcdd59b47665d488bb898ad3dd47ce7446522a50e0cbd8e8279",
                "sha256:6213b471b68146af97b8551294e59e7392c2117e28ffad9c557c65087f4baee3",
                "sha256:63797499a219d8e81eb4e0c42222d0a4c8ec896f5c76751d4258af95de41fdf1",
                "sha256:64e8012ad60a5f0da09ed48725e6e923d1be25f2f091a640af6079f874663813",
                "sha256:664402ef0c238a7f8a46efb101789d5f2275600fb18114446efec83cfadb5b66",
                "sha256:68199ada7c310ddb8c76efbb606a0de656b40899388a7498954f423e03fc38be",
                "sha256:69159afc2f2dc43285725f16143bc5df3c853bc1cb7df6021fce7ef1c69e8171",
                "sha256:6f855bcc96ed3dd56da7373cfcc9dcbabbc2073cac7f65c185772d08884790ce",
                "sha256:6feb4b64d11d5420e517910d60a907d08d846cacaf4e029668725cd21d16743c",
                "sha256:72f1216ca8cef7b8adacd4c4c6b89c3b0c4f97503197f5284c80f36d6e4edd30",
                "sha256:77dadc764cf7c5405e04866181c5bd94a447372a9763e473abb63d1dfe9b7387",
                "sha256:782fced7d61469fd1231b184a80e4f2fa7ad54cd7173834651a453f96f29d673",
                "sha256:79262be5a292d1df060f29b9a7cdd66934801f987a817632d7552534a172709a",
                "sha256:7aa82d483d5fb867d4fb10a138ffd57b0f1644e99f2f4f336e48790ada9ada5e",
                "sha256:853f103e2b9a58832fdd08a587a51de8b552ae90e1a5d167f316b7eabf8d7dde",
                "sha256:867d3eea954bea807cabba83cfc939c889a18576d66d197c60025b15269d7cc0",
                "sha256:878a5017d93e776c379af4e7b20f173c82594d94fa073059bcc546789ad50bf8",
                "sha256:884235507549a6b2d3c4113fb1877ae263109e787d9e0eb25c35982ab28d0399",
                "sha256:8c938c96294d983dcf419b54dba2d21056959c22911d41788efbf949a29ae30d",
                "sha256:8efc1be43b036c2b6bcfb1451df24ee0ddcf69c31351003daf2699ed93f5687b",
                "sha256:8fba0aff4c407d0274e43697e785bcac155ad962be57518d1c711f45e72da70f",
                "sha256:90f3785146f701e053bb6b9e8f53acce2c919aca91df88bd4975be0cb926eb41",
                "sha256:9137289de8fe845c246a8c3482dd0cb40338846ba683756d8f489a4bd8fddcae",
                "sha256:9206c14a67c38de7b916e486ae280017cf394fa4b1aa95cfe88621a4e1d79725",
                "sha256:94d2b36a74623caab262bf95f0e365c2c058396082bd9d6a9e825657d0c1e7fa",
                "sha256:97c6349c81cee2e69ef59eba6e6c08c5936e6b01c2d50b9e4ac152217845ae09",
                "sha256:a027f41c5008571314861744d83aff75a34cf3a07022e0be32b214a5bc93f7f1",
                "sha256:a08fd490ba36d1fbb2cd5dcdcfb9f3892deb93bd53456724389135712b5fc735",
                "sha256:a297c0d6c61963c5c3726840677b798ca5b7dfc71bc9c02b9a4af11d23236008",
                "sha256:a4ea23b07f29487a7bef2a869f68c7ee0e05424d81375ce3d3de829314c6b5ec",
                "sha256:a8b7acd04896e8f161e1500dc5f218017db05c1d322f054e89cbd089ce5d0071",
                "sha256:ac2b680de398f293b68183317432b3d67ab3faeba216aec18de0c395cb5e3060",
                "sha256:af24ad4fbaa5e4a2000beae0c3b7fd1c78d7819ab90f9370a1cfd8998e3f8a3c",
                "sha256:af788b64e13d52fc3600a68b16d31fa8d8573e3ff2fc9a38f8a60b8d94d1f012",
                "sha256:b013c7861a7c7bfcec48fd709513fea6f9f31727e7a0a93ca0dd12e056740717",
                "sha256:b2799c2eaf182769889761d4fb4d78b82bc47dae833799fedbf69fc7de306faa",
                "sha256:b27f3e67f6e031f6620655741b7d0d6bebea8b25d415924b3e8bfef2dd7bd841",
                "sha256:b7206e41e04b443016e930e01685bab7a308113c0b251b3f906942c8d4b48fcb",
                "sha256:b85778308bf945e9b33ac604e6793df9b07933108d20bdf53811bc7c2798a4af",
                "sha256:bd7d1dde70ff3e09e4bc7a1cbb91a7a538add291bfd5b3e70ef1e7b45192440f",
                "sha256:be86c2eb12fb0f846262ace9d8f032dc6978b8cb26a058920ecb723dbcb87d05",
                "sha256:bf10963d8aed8bbe0165b41797c9463d4c5c8788ae6a77c68427569be6bead41",
                "sha256:c1375025f0bfc9155286ebae8eecc65e33e494c90025cda69e247c3ccd2bab00",
                "sha256:c5d8e764b5646623e57575f624f8ebb8f7a9f7fd1fae682ef87869ca5fec8dcf",
                "sha256:cba5ad5eef02c86a1f3da00544cbc59a510d596b27566479a7cd4d91c6187a11",
                "sha256:cc086ddb6dc654a15deeed1d1f2bcb1cb924ebd70df9dca738af19f64229b06c",
                "sha256:d0c2b713464a8e263a243ae7980d81ce2de5ac59a9f798a282e44350b42dc516",
                "sha256:d93aedbc4614cc21b9ab0d0c4ccd7143354c1f7cffbbe96ae5216ad21d1b21b5",
                "sha256:d9610b47b5fe4aacbbba6a9cb5f12cbe864eec99dbfed5710bd32ef5dd8a5d5b",
                "sha256:da055a1b0bfa8041bb2ff586b2cb0353ed03944a3472186a02cc44a557a0e661",
                "sha256:dd2429f7635ad4857b5881503f9c310be7761dc681c467a9d27787b674d1250a",
                "sha256:de39eb3bab93a99ddda1ac1b9aa331b944d8bcc4aa9141148f7fd8ee0299dafc",
                "sha256:e40b1e97edd3dc127aa53d8a5e539a3d0c227d71574d3f9ac1af02d58218a122",
                "sha256:e412607ca89a0ced10758dfb8f9adcc365ce4c1c377e637c01989a75e9a9ec8a",
                "sha256:e953353180bec330c3b830891d260b6f8e576e2d18db3c78d314e56bb2276066",
                "sha256:ec3473c9789cc00c7260d840c3db2c16dbfc816ca70ec87a00cddfa3e1a1cdd5",
                "sha256:efff8b6761a1f6e45cebd1b7a6406eb2723d2d5710ff0d1b624fe11313693989",
                "sha256:f773b39780323a0499b53ebd91a28ad11cde6705605d98d999dfa08624caf064",
                "sha256:fa8e48001b39d54d97d7b380a0669fa99fc0feeb972e35a2d677ba59164a9a22",
                "sha256:ff246c0111076c8022f9ba325c294f2cb5983403506989253e04dbae565e019b",
                "sha256:ffe18407a4d000c568182ce5388bbbedeb099896904e43fc14eee76cfae6dec5"
            ],
            "markers": "python_version >= '3.7'",
            "version": "==2.4.0"
        },
        "pyrogram": {
            "hashes": [
                "sha256:30202995758fcb6e0f91224704ab7fedefea454297724bd70a6a71a23748c16f",
                "sha256:32b62b3d93030b1080cbe45b88c0e8790cf4e2179cf3321ede810d48edf97bc7"
            ],
            "index": "pypi",
            "version": "==2.0.106"
        },
        "pysocks": {
            "hashes": [
                "sha256:08e69f092cc6dbe92a0fdd16eeb9b9ffbc13cadfe5ca4c7bd92ffb078b293299",
                "sha256:2725bd0a9925919b9b51739eea5f9e2bae91e83288108a9ad338b2e3a4435ee5",
                "sha256:3f8804571ebe159c380ac6de37643bb4685970655d3bba243530d6558b799aa0"
            ],
            "markers": "python_version >= '2.7' and python_version not in '3.0, 3.1, 3.2, 3.3'",
            "version": "==1.7.1"
        },
        "simplejsondb": {
            "hashes": [
                "sha256:5797df575e3dc965aaf9700781113919aea8fc1d9f979335e95ec74931dd6a81",
                "sha256:8bf72ef9ed3ac020bb3e0bb93c1f2c08faba72385a089a503665612a45c62d54"
            ],
            "index": "pypi",
            "version": "==0.4.0"
        },
        "sniffio": {
            "hashes": [
                "sha256:e60305c5e5d314f5389259b7f22aaa33d8f7dee49763119234af3755c55b9101",
                "sha256:eecefdce1e5bbfb7ad2eeaabf7c1eeb404d7757c379bd1f7e5cce9d8bf425384"
            ],
            "markers": "python_version >= '3.7'",
            "version": "==1.3.0"
        },
        "starlette": {
            "hashes": [
                "sha256:6a6b0d042acb8d469a01eba54e9cda6cbd24ac602c4cd016723117d6a7e73b75",
                "sha256:918416370e846586541235ccd38a474c08b80443ed31c578a418e2209b3eef91"
            ],
            "markers": "python_version >= '3.7'",
            "version": "==0.27.0"
        },
        "tgcrypto": {
            "hashes": [
                "sha256:0133936eac63cc9529b497d759b7d0ca21e491bb42481b40b603ee63bb8c10b7",
                "sha256:0d28aa317364a5c27317fe97a48267aa1c65c9aaf589909e97489ebe82a714e3",
                "sha256:10dd3870aecb1a783c6eafd3b164b2149dbc93a9ee13feb7e6f5c58f87c24cd0",
                "sha256:1283337ae75b02406dd700377b8b783e70033b548492517df6e6c4156b0ed69c",
                "sha256:1445217d22101946d38ee7d628cdb3de92db4eb130183a22030c07d7888f21b0",
                "sha256:1735437df0023a40e5fdd95e6b09ce806ec8f2cd2f8879023818840dfae60cab",
                "sha256:362ab28fc75e6b066e5bb15fb5296f75f4238d6c1cbcaaa1e5756cd5c168b74b",
                "sha256:36a570ecd12a428222b10ea8b5a8e0d83ea8750e4de1d5ea53d068b84341b450",
                "sha256:37c4b9be82716fbc6d2b123caef448eee28683888803db075d842327766f7624",
                "sha256:38fe25c0d79b41d7a89caba2a78dea0358e17ca73b033cefd16abed680685829",
                "sha256:39145103614c5e38fe938549742d355920f4a0778fa8259eb69c0c85ba4b1d28",
                "sha256:4507102377002966f35f2481830b7529e00c9bbff8c7d1e09634f984af801675",
                "sha256:45683659ec6475ee8ff60e12167ec19aacfd7527decafe446434fa1a7e6760a7",
                "sha256:457c657dd10ffb4bbbb007132a0f6a7bee5080176a98c51f285fedf636b624cb",
                "sha256:48da3674474839e5619e7430ff1f98aed9f55369f3cfaef7f65511852869572e",
                "sha256:4d70d5517d64ca952896b726d22c8a66594e6f6259ee2cb4fa134c02d0e8c3e0",
                "sha256:4d93686e6254eb0a32a0a60e849b41a867a2770b27b48f978fd391dce2b83aeb",
                "sha256:539bdc6b9239fb6a6b134591a998dc7f50d4dcc4fed861f80540682acc0c3802",
                "sha256:56e1ec34e75fa2e3dcf7f74f1017d8e16c1eb8a8e031eaaa06c57f836e0d3bcc",
                "sha256:59597cdb1c87eb1184088563d20b42a8f2e431e9334fed64926079044ad2a4af",
                "sha256:5d27d6c414eb4775022b05fdd571090bfd92854115e86184ac1832060fbaa510",
                "sha256:66c5b5bf701b5efc3e4c5d83439d767a3dd48f17a1d840eda6b4d1918844a8f9",
                "sha256:6e96b3a478fae977228c5750194c20a18cde402bbbea6593de424f84d4a8893b",
                "sha256:7070c6e063befb6d04eab46e8b1ffbee47a497971be11496d23837fc007e7685",
                "sha256:76fe0a3ad838dcf300ac88233cbffc2ad63478eb0ae9fa671694e184d88ec1cd",
                "sha256:7885a75db09ce8bdba42d2c332085bfe314f232541a729808c7507ffa261ff9a",
                "sha256:7b7fe81fad7c64479c83f31fc10e79fb20a114bca414e5e17f5e0c8b363153f8",
                "sha256:7dbf607d645c39a577a0f8571039d11ddd2dcdf9656465be75f9e0f540472444",
                "sha256:7f6537f6af3d80be67bd2625a0990ee88c6ae58d33bdb88d99591bd6e97ee7a0",
                "sha256:80e2414f1a95087d7e46fb54cb387df66424c4ec156fb1a8d8e1d4aa38eb65cf",
                "sha256:8723a16076e229ffdf537fdb5e638227d10f44ca43e6939db1eab524de6eaed7",
                "sha256:89d9c143a1fcdb2562a4aa887152abbe9253e1979d7bebef2b489148e0bbe086",
                "sha256:90b6337d3ae4348ed14f89dd2ebf7011fa63d67a48c8a98d955a1e392176c60a",
                "sha256:940974e19044dc65bcf7b9c5255173b896dff010142f3833047dc55d59cde21c",
                "sha256:9b0a088ff2e05b6bbe891da936f62b99bd85202b2b9f4f57f71a408490dd518c",
                "sha256:9bc2cac6fb9a12ef5b08f3dd500174fe374d89b660cce981f57e3138559cb682",
                "sha256:9d9f13586065a6d86d05c16409054033a84be208acee29b49f6f194e27b08642",
                "sha256:a1beec47d6af8b509af7cf266e30f7703208076076594714005b42d2c25225b3",
                "sha256:aa4bc1d11d4a90811c162abd45a5981f171679d1b5bd0322cd7ccd16447366a2",
                "sha256:ace308f5842a0d6c04fc1ae92cb4320b4b13bfc711031c1c18d9124697685ba0",
                "sha256:b49e982e5b156be821a5235bd9102c00dc506a58607e2c8bd50ac872724a951f",
                "sha256:b7e8402fe4023dc9666c0bc1b30fcf0d98a294e48d35f311a3eadfe105af04d4",
                "sha256:ba9e067fd9751b3bbd7c979210431000e44f70001d921237e9c4672bf30f07bc",
                "sha256:bb82e53f20ce5653573832f3c05fa525cc1769bdd685408b19f26d82d5e9001b",
                "sha256:bdebbd9cffd10c42a2f60886dcab0272ddd38330d0cf7ccf026230b826573f59",
                "sha256:c035bf8ef89846f67e77e82ea85c089b6ea30631b32e8ac1a6511b9be52ab065",
                "sha256:c133ddc95ae9c6cd6ad742c4b8c30191214db8dc724268bee59a339e22b2028b",
                "sha256:c1c8d974b8b2d7132364b6f0f6712b92bfe47ab9c5dcee25c70327ff68d22d95",
                "sha256:ca8814d6cc412775a43a021fce2d23e83a5336e9e9f38d0998d821cdf55c1d50",
                "sha256:cfa17a20206532c6d2442c9d7a7f6434120bd75896ad9a3e9b9277477afa084f",
                "sha256:d6b0c2dc84e632ce7b3d0b767cfe20967e557ad7d71ea5dbd7df2dd544323181",
                "sha256:eafad246fd9aa63ff709a6e8c905c24fd7520ef96e33a2c3e1ccdb4fb2b2f331",
                "sha256:ed53d0c4a5e6f75d4b1cab17535afe210cd3120fb88f44a8c4562d43c2a3bb16",
                "sha256:f245895c7d518342089d15b5dca3cee9ffa5a0f3534db9d5a930f6a27dff4adf",
                "sha256:f594e2680daf20dbac6bf56862f567ddc3cc8d6a19757ed07faa8320ff7acee4",
                "sha256:f7ec9f0a571fcc38fbee224943ed9918123f752ac19bae5c195d8322f5b20fab"
            ],
            "index": "pypi",
            "version": "==1.2.5"
        },
        "typing-extensions": {
            "hashes": [
                "sha256:440d5dd3af93b060174bf433bccd69b0babc3b15b1a8dca43789fd7f61514b36",
                "sha256:b75ddc264f0ba5615db7ba217daeb99701ad295353c45f9e95963337ceeeffb2"
            ],
            "markers": "python_version >= '3.7'",
            "version": "==4.7.1"
        },
        "uvicorn": {
            "hashes": [
                "sha256:1d55d46b83ee4ce82b4e82f621f2050adb3eb7b5481c13f9af1744951cae2f1f",
                "sha256:da9b0c8443b2d7ee9db00a345f1eee6db7317432c9d4400f5049cc8d358383be"
            ],
            "index": "pypi",
            "version": "==0.23.1"
        }
    },
    "develop": {
        "black": {
            "hashes": [
                "sha256:01ede61aac8c154b55f35301fac3e730baf0c9cf8120f65a9cd61a81cfb4a0c3",
                "sha256:022a582720b0d9480ed82576c920a8c1dde97cc38ff11d8d8859b3bd6ca9eedb",
                "sha256:25cc308838fe71f7065df53aedd20327969d05671bac95b38fdf37ebe70ac087",
                "sha256:27eb7a0c71604d5de083757fbdb245b1a4fae60e9596514c6ec497eb63f95320",
                "sha256:327a8c2550ddc573b51e2c352adb88143464bb9d92c10416feb86b0f5aee5ff6",
                "sha256:47e56d83aad53ca140da0af87678fb38e44fd6bc0af71eebab2d1f59b1acf1d3",
                "sha256:501387a9edcb75d7ae8a4412bb8749900386eaef258f1aefab18adddea1936bc",
                "sha256:552513d5cd5694590d7ef6f46e1767a4df9af168d449ff767b13b084c020e63f",
                "sha256:5c4bc552ab52f6c1c506ccae05681fab58c3f72d59ae6e6639e8885e94fe2587",
                "sha256:642496b675095d423f9b8448243336f8ec71c9d4d57ec17bf795b67f08132a91",
                "sha256:6d1c6022b86f83b632d06f2b02774134def5d4d4f1dac8bef16d90cda18ba28a",
                "sha256:7f3bf2dec7d541b4619b8ce526bda74a6b0bffc480a163fed32eb8b3c9aed8ad",
                "sha256:831d8f54c3a8c8cf55f64d0422ee875eecac26f5f649fb6c1df65316b67c8926",
                "sha256:8417dbd2f57b5701492cd46edcecc4f9208dc75529bcf76c514864e48da867d9",
                "sha256:86cee259349b4448adb4ef9b204bb4467aae74a386bce85d56ba4f5dc0da27be",
                "sha256:893695a76b140881531062d48476ebe4a48f5d1e9388177e175d76234ca247cd",
                "sha256:9fd59d418c60c0348505f2ddf9609c1e1de8e7493eab96198fc89d9f865e7a96",
                "sha256:ad0014efc7acf0bd745792bd0d8857413652979200ab924fbf239062adc12491",
                "sha256:b5b0ee6d96b345a8b420100b7d71ebfdd19fab5e8301aff48ec270042cd40ac2",
                "sha256:c333286dc3ddca6fdff74670b911cccedacb4ef0a60b34e491b8a67c833b343a",
                "sha256:f9062af71c59c004cd519e2fb8f5d25d39e46d3af011b41ab43b9c74e27e236f",
                "sha256:fb074d8b213749fa1d077d630db0d5f8cc3b2ae63587ad4116e8a436e9bbe995"
            ],
            "index": "pypi",
            "version": "==23.7.0"
        },
        "click": {
            "hashes": [
                "sha256:48ee849951919527a045bfe3bf7baa8a959c423134e1a5b98c05c20ba75a1cbd",
                "sha256:fa244bb30b3b5ee2cae3da8f55c9e5e0c0e86093306301fb418eb9dc40fbded5"
            ],
            "markers": "python_version >= '3.7'",
            "version": "==8.1.6"
        },
        "mypy": {
            "hashes": [
                "sha256:01fd2e9f85622d981fd9063bfaef1aed6e336eaacca00892cd2d82801ab7c042",
                "sha256:0dde1d180cd84f0624c5dcaaa89c89775550a675aff96b5848de78fb11adabcd",
                "sha256:141dedfdbfe8a04142881ff30ce6e6653c9685b354876b12e4fe6c78598b45e2",
                "sha256:16f0db5b641ba159eff72cff08edc3875f2b62b2fa2bc24f68c1e7a4e8232d01",
                "sha256:190b6bab0302cec4e9e6767d3eb66085aef2a1cc98fe04936d8a42ed2ba77bb7",
                "sha256:2460a58faeea905aeb1b9b36f5065f2dc9a9c6e4c992a6499a2360c6c74ceca3",
                "sha256:34a9239d5b3502c17f07fd7c0b2ae6b7dd7d7f6af35fbb5072c6208e76295816",
                "sha256:43b592511672017f5b1a483527fd2684347fdffc041c9ef53428c8dc530f79a3",
                "sha256:43d24f6437925ce50139a310a64b2ab048cb2d3694c84c71c3f2a1626d8101dc",
                "sha256:45d32cec14e7b97af848bddd97d85ea4f0db4d5a149ed9676caa4eb2f7402bb4",
                "sha256:470c969bb3f9a9efcedbadcd19a74ffb34a25f8e6b0e02dae7c0e71f8372f97b",
                "sha256:566e72b0cd6598503e48ea610e0052d1b8168e60a46e0bfd34b3acf2d57f96a8",
                "sha256:5703097c4936bbb9e9bce41478c8d08edd2865e177dc4c52be759f81ee4dd26c",
                "sha256:7549fbf655e5825d787bbc9ecf6028731973f78088fbca3a1f4145c39ef09462",
                "sha256:8207b7105829eca6f3d774f64a904190bb2231de91b8b186d21ffd98005f14a7",
                "sha256:8c4d8e89aa7de683e2056a581ce63c46a0c41e31bd2b6d34144e2c80f5ea53dc",
                "sha256:98324ec3ecf12296e6422939e54763faedbfcc502ea4a4c38502082711867258",
                "sha256:9bbcd9ab8ea1f2e1c8031c21445b511442cc45c89951e49bbf852cbb70755b1b",
                "sha256:9d40652cc4fe33871ad3338581dca3297ff5f2213d0df345bcfbde5162abf0c9",
                "sha256:a2746d69a8196698146a3dbe29104f9eb6a2a4d8a27878d92169a6c0b74435b6",
                "sha256:ae704dcfaa180ff7c4cfbad23e74321a2b774f92ca77fd94ce1049175a21c97f",
                "sha256:bfdca17c36ae01a21274a3c387a63aa1aafe72bff976522886869ef131b937f1",
                "sha256:c482e1246726616088532b5e964e39765b6d1520791348e6c9dc3af25b233828",
                "sha256:ca637024ca67ab24a7fd6f65d280572c3794665eaf5edcc7e90a866544076878",
                "sha256:e02d700ec8d9b1859790c0475df4e4092c7bf3272a4fd2c9f33d87fac4427b8f",
                "sha256:e5952d2d18b79f7dc25e62e014fe5a23eb1a3d2bc66318df8988a01b1a037c5b"
            ],
            "index": "pypi",
            "version": "==1.4.1"
        },
        "mypy-extensions": {
            "hashes": [
                "sha256:4392f6c0eb8a5668a69e23d168ffa70f0be9ccfd32b5cc2d26a34ae5b844552d",
                "sha256:75dbf8955dc00442a438fc4d0666508a9a97b6bd41aa2f0ffe9d2f2725af0782"
            ],
            "markers": "python_version >= '3.5'",
            "version": "==1.0.0"
        },
        "packaging": {
            "hashes": [
                "sha256:994793af429502c4ea2ebf6bf664629d07c1a9fe974af92966e4b8d2df7edc61",
                "sha256:a392980d2b6cffa644431898be54b0045151319d1e7ec34f0cfed48767dd334f"
            ],
            "markers": "python_version >= '3.7'",
            "version": "==23.1"
        },
        "pathspec": {
            "hashes": [
                "sha256:1d6ed233af05e679efb96b1851550ea95bbb64b7c490b0f5aa52996c11e92a20",
                "sha256:e0d8d0ac2f12da61956eb2306b69f9469b42f4deb0f3cb6ed47b9cce9996ced3"
            ],
            "markers": "python_version >= '3.7'",
            "version": "==0.11.2"
        },
        "platformdirs": {
            "hashes": [
                "sha256:b45696dab2d7cc691a3226759c0d3b00c47c8b6e293d96f6436f733303f77f6d",
                "sha256:d7c24979f292f916dc9cbf8648319032f551ea8c49a4c9bf2fb556a02070ec1d"
            ],
            "markers": "python_version >= '3.7'",
            "version": "==3.10.0"
        },
        "typing-extensions": {
            "hashes": [
                "sha256:440d5dd3af93b060174bf433bccd69b0babc3b15b1a8dca43789fd7f61514b36",
                "sha256:b75ddc264f0ba5615db7ba217daeb99701ad295353c45f9e95963337ceeeffb2"
            ],
            "markers": "python_version >= '3.7'",
            "version": "==4.7.1"
        }
    }
}
